
Microsoft Visual Studio Solution File, Format Version 12.00
# Visual Studio Version 17
VisualStudioVersion = 17.14.36401.2 d17.14
MinimumVisualStudioVersion = 10.0.40219.1
Project("{FAE04EC0-301F-11D3-BF4B-00C04F79EFBC}") = "RobotControlServer", "RobotControlServer\RobotControlServer.csproj", "{BF1FACBF-F636-4549-9B36-066948C4564C}"
EndProject
Global
	GlobalSection(SolutionConfigurationPlatforms) = preSolution
		Debug|Any CPU = Debug|Any CPU
		Release|Any CPU = Release|Any CPU
	EndGlobalSection
	GlobalSection(ProjectConfigurationPlatforms) = postSolution
		{BF1FACBF-F636-4549-9B36-066948C4564C}.Debug|Any CPU.ActiveCfg = Debug|Any CPU
		{BF1FACBF-F636-4549-9B36-066948C4564C}.Debug|Any CPU.Build.0 = Debug|Any CPU
		{BF1FACBF-F636-4549-9B36-066948C4564C}.Release|Any CPU.ActiveCfg = Release|Any CPU
		{BF1FACBF-F636-4549-9B36-066948C4564C}.Release|Any CPU.Build.0 = Release|Any CPU
	EndGlobalSection
	GlobalSection(SolutionProperties) = preSolution
		HideSolutionNode = FALSE
	EndGlobalSection
	GlobalSection(ExtensibilityGlobals) = postSolution
		SolutionGuid = {4C615284-7437-4A16-AEC8-C1386E0FC817}
	EndGlobalSection
EndGlobal
